
Microsoft Visual Studio Solution File, Format Version 12.00
# Visual Studio Version 16
VisualStudioVersion = 16.0.30114.105
MinimumVisualStudioVersion = 10.0.40219.1
Project("{FAE04EC0-301F-11D3-BF4B-00C04F79EFBC}") = "API", "API\API.csproj", "{5085B14E-E8E5-4B0B-81AE-B3579CE77BB5}"
EndProject
Project("{FAE04EC0-301F-11D3-BF4B-00C04F79EFBC}") = "Application", "Application\Application.csproj", "{2D2531CB-FCD1-4384-AB72-029E0B1C70B5}"
EndProject
Project("{FAE04EC0-301F-11D3-BF4B-00C04F79EFBC}") = "Persistence", "Persistence\Persistence.csproj", "{ACF36611-5BF4-413E-8E94-C6A090FE49B3}"
EndProject
Project("{FAE04EC0-301F-11D3-BF4B-00C04F79EFBC}") = "Domain", "Domain\Domain.csproj", "{75EA125F-961E-4C71-80FB-64EE11171C3F}"
EndProject
Global
	GlobalSection(SolutionConfigurationPlatforms) = preSolution
		Debug|Any CPU = Debug|Any CPU
		Debug|x64 = Debug|x64
		Debug|x86 = Debug|x86
		Release|Any CPU = Release|Any CPU
		Release|x64 = Release|x64
		Release|x86 = Release|x86
	EndGlobalSection
	GlobalSection(SolutionProperties) = preSolution
		HideSolutionNode = FALSE
	EndGlobalSection
	GlobalSection(ProjectConfigurationPlatforms) = postSolution
		{5085B14E-E8E5-4B0B-81AE-B3579CE77BB5}.Debug|Any CPU.ActiveCfg = Debug|Any CPU
		{5085B14E-E8E5-4B0B-81AE-B3579CE77BB5}.Debug|Any CPU.Build.0 = Debug|Any CPU
		{5085B14E-E8E5-4B0B-81AE-B3579CE77BB5}.Debug|x64.ActiveCfg = Debug|Any CPU
		{5085B14E-E8E5-4B0B-81AE-B3579CE77BB5}.Debug|x64.Build.0 = Debug|Any CPU
		{5085B14E-E8E5-4B0B-81AE-B3579CE77BB5}.Debug|x86.ActiveCfg = Debug|Any CPU
		{5085B14E-E8E5-4B0B-81AE-B3579CE77BB5}.Debug|x86.Build.0 = Debug|Any CPU
		{5085B14E-E8E5-4B0B-81AE-B3579CE77BB5}.Release|Any CPU.ActiveCfg = Release|Any CPU
		{5085B14E-E8E5-4B0B-81AE-B3579CE77BB5}.Release|Any CPU.Build.0 = Release|Any CPU
		{5085B14E-E8E5-4B0B-81AE-B3579CE77BB5}.Release|x64.ActiveCfg = Release|Any CPU
		{5085B14E-E8E5-4B0B-81AE-B3579CE77BB5}.Release|x64.Build.0 = Release|Any CPU
		{5085B14E-E8E5-4B0B-81AE-B3579CE77BB5}.Release|x86.ActiveCfg = Release|Any CPU
		{5085B14E-E8E5-4B0B-81AE-B3579CE77BB5}.Release|x86.Build.0 = Release|Any CPU
		{2D2531CB-FCD1-4384-AB72-029E0B1C70B5}.Debug|Any CPU.ActiveCfg = Debug|Any CPU
		{2D2531CB-FCD1-4384-AB72-029E0B1C70B5}.Debug|Any CPU.Build.0 = Debug|Any CPU
		{2D2531CB-FCD1-4384-AB72-029E0B1C70B5}.Debug|x64.ActiveCfg = Debug|Any CPU
		{2D2531CB-FCD1-4384-AB72-029E0B1C70B5}.Debug|x64.Build.0 = Debug|Any CPU
		{2D2531CB-FCD1-4384-AB72-029E0B1C70B5}.Debug|x86.ActiveCfg = Debug|Any CPU
		{2D2531CB-FCD1-4384-AB72-029E0B1C70B5}.Debug|x86.Build.0 = Debug|Any CPU
		{2D2531CB-FCD1-4384-AB72-029E0B1C70B5}.Release|Any CPU.ActiveCfg = Release|Any CPU
		{2D2531CB-FCD1-4384-AB72-029E0B1C70B5}.Release|Any CPU.Build.0 = Release|Any CPU
		{2D2531CB-FCD1-4384-AB72-029E0B1C70B5}.Release|x64.ActiveCfg = Release|Any CPU
		{2D2531CB-FCD1-4384-AB72-029E0B1C70B5}.Release|x64.Build.0 = Release|Any CPU
		{2D2531CB-FCD1-4384-AB72-029E0B1C70B5}.Release|x86.ActiveCfg = Release|Any CPU
		{2D2531CB-FCD1-4384-AB72-029E0B1C70B5}.Release|x86.Build.0 = Release|Any CPU
		{ACF36611-5BF4-413E-8E94-C6A090FE49B3}.Debug|Any CPU.ActiveCfg = Debug|Any CPU
		{ACF36611-5BF4-413E-8E94-C6A090FE49B3}.Debug|Any CPU.Build.0 = Debug|Any CPU
		{ACF36611-5BF4-413E-8E94-C6A090FE49B3}.Debug|x64.ActiveCfg = Debug|Any CPU
		{ACF36611-5BF4-413E-8E94-C6A090FE49B3}.Debug|x64.Build.0 = Debug|Any CPU
		{ACF36611-5BF4-413E-8E94-C6A090FE49B3}.Debug|x86.ActiveCfg = Debug|Any CPU
		{ACF36611-5BF4-413E-8E94-C6A090FE49B3}.Debug|x86.Build.0 = Debug|Any CPU
		{ACF36611-5BF4-413E-8E94-C6A090FE49B3}.Release|Any CPU.ActiveCfg = Release|Any CPU
		{ACF36611-5BF4-413E-8E94-C6A090FE49B3}.Release|Any CPU.Build.0 = Release|Any CPU
		{ACF36611-5BF4-413E-8E94-C6A090FE49B3}.Release|x64.ActiveCfg = Release|Any CPU
		{ACF36611-5BF4-413E-8E94-C6A090FE49B3}.Release|x64.Build.0 = Release|Any CPU
		{ACF36611-5BF4-413E-8E94-C6A090FE49B3}.Release|x86.ActiveCfg = Release|Any CPU
		{ACF36611-5BF4-413E-8E94-C6A090FE49B3}.Release|x86.Build.0 = Release|Any CPU
		{75EA125F-961E-4C71-80FB-64EE11171C3F}.Debug|Any CPU.ActiveCfg = Debug|Any CPU
		{75EA125F-961E-4C71-80FB-64EE11171C3F}.Debug|Any CPU.Build.0 = Debug|Any CPU
		{75EA125F-961E-4C71-80FB-64EE11171C3F}.Debug|x64.ActiveCfg = Debug|Any CPU
		{75EA125F-961E-4C71-80FB-64EE11171C3F}.Debug|x64.Build.0 = Debug|Any CPU
		{75EA125F-961E-4C71-80FB-64EE11171C3F}.Debug|x86.ActiveCfg = Debug|Any CPU
		{75EA125F-961E-4C71-80FB-64EE11171C3F}.Debug|x86.Build.0 = Debug|Any CPU
		{75EA125F-961E-4C71-80FB-64EE11171C3F}.Release|Any CPU.ActiveCfg = Release|Any CPU
		{75EA125F-961E-4C71-80FB-64EE11171C3F}.Release|Any CPU.Build.0 = Release|Any CPU
		{75EA125F-961E-4C71-80FB-64EE11171C3F}.Release|x64.ActiveCfg = Release|Any CPU
		{75EA125F-961E-4C71-80FB-64EE11171C3F}.Release|x64.Build.0 = Release|Any CPU
		{75EA125F-961E-4C71-80FB-64EE11171C3F}.Release|x86.ActiveCfg = Release|Any CPU
		{75EA125F-961E-4C71-80FB-64EE11171C3F}.Release|x86.Build.0 = Release|Any CPU
	EndGlobalSection
EndGlobal
